
Microsoft Visual Studio Solution File, Format Version 12.00
# Visual Studio Version 16
VisualStudioVersion = 16.0.30523.141
MinimumVisualStudioVersion = 10.0.40219.1
Project("{8BC9CEB8-8B4A-11D0-8D11-00A0C91BC942}") = "Pr_11.1C++", "Pr_11.1C++\Pr_11.1C++.vcxproj", "{BCA92BFA-6BFB-42C6-A0BE-4393E1D225EC}"
EndProject
Global
	GlobalSection(SolutionConfigurationPlatforms) = preSolution
		Debug|x64 = Debug|x64
		Debug|x86 = Debug|x86
		Release|x64 = Release|x64
		Release|x86 = Release|x86
	EndGlobalSection
	GlobalSection(ProjectConfigurationPlatforms) = postSolution
		{BCA92BFA-6BFB-42C6-A0BE-4393E1D225EC}.Debug|x64.ActiveCfg = Debug|x64
		{BCA92BFA-6BFB-42C6-A0BE-4393E1D225EC}.Debug|x64.Build.0 = Debug|x64
		{BCA92BFA-6BFB-42C6-A0BE-4393E1D225EC}.Debug|x86.ActiveCfg = Debug|Win32
		{BCA92BFA-6BFB-42C6-A0BE-4393E1D225EC}.Debug|x86.Build.0 = Debug|Win32
		{BCA92BFA-6BFB-42C6-A0BE-4393E1D225EC}.Release|x64.ActiveCfg = Release|x64
		{BCA92BFA-6BFB-42C6-A0BE-4393E1D225EC}.Release|x64.Build.0 = Release|x64
		{BCA92BFA-6BFB-42C6-A0BE-4393E1D225EC}.Release|x86.ActiveCfg = Release|Win32
		{BCA92BFA-6BFB-42C6-A0BE-4393E1D225EC}.Release|x86.Build.0 = Release|Win32
	EndGlobalSection
	GlobalSection(SolutionProperties) = preSolution
		HideSolutionNode = FALSE
	EndGlobalSection
	GlobalSection(ExtensibilityGlobals) = postSolution
		SolutionGuid = {DFD79B3E-1F9C-41AB-A812-DE2071B68DA3}
	EndGlobalSection
EndGlobal
